
Microsoft Visual Studio Solution File, Format Version 12.00
# Visual Studio Version 16
VisualStudioVersion = 16.0.31402.337
MinimumVisualStudioVersion = 10.0.40219.1
Project("{9A19103F-16F7-4668-BE54-9A1E7A4F7556}") = "SICWEB", "SICWEB.csproj", "{DFC72EB6-8A6F-422B-806E-E5E8583376D8}"
EndProject
Global
	GlobalSection(SolutionConfigurationPlatforms) = preSolution
		Debug|Any CPU = Debug|Any CPU
		Release|Any CPU = Release|Any CPU
	EndGlobalSection
	GlobalSection(ProjectConfigurationPlatforms) = postSolution
		{DFC72EB6-8A6F-422B-806E-E5E8583376D8}.Debug|Any CPU.ActiveCfg = Debug|Any CPU
		{DFC72EB6-8A6F-422B-806E-E5E8583376D8}.Debug|Any CPU.Build.0 = Debug|Any CPU
		{DFC72EB6-8A6F-422B-806E-E5E8583376D8}.Release|Any CPU.ActiveCfg = Release|Any CPU
		{DFC72EB6-8A6F-422B-806E-E5E8583376D8}.Release|Any CPU.Build.0 = Release|Any CPU
	EndGlobalSection
	GlobalSection(SolutionProperties) = preSolution
		HideSolutionNode = FALSE
	EndGlobalSection
	GlobalSection(ExtensibilityGlobals) = postSolution
		SolutionGuid = {376DD7F6-E094-4335-8585-44FED46A8D44}
	EndGlobalSection
EndGlobal
